{
  "nodes": {
    "nix-ada": {
      "inputs": {
        "nixpkgs": "nixpkgs"
      },
      "locked": {
        "lastModified": 1718744298,
        "narHash": "sha256-vXNqBwFpTBK6mr9sjpnjQirZEhm18NsctyRS+y33IGQ=",
        "owner": "andrewathalye",
        "repo": "nix-ada",
        "rev": "a0e8673d698f8311b568692e0263ad393f6d52ed",
        "type": "github"
      },
      "original": {
        "owner": "andrewathalye",
        "ref": "v1.1",
        "repo": "nix-ada",
        "type": "github"
      }
    },
    "nixpkgs": {
      "locked": {
        "lastModified": 1718208800,
        "narHash": "sha256-US1tAChvPxT52RV8GksWZS415tTS7PV42KTc2PNDBmc=",
        "owner": "NixOS",
        "repo": "nixpkgs",
        "rev": "cc54fb41d13736e92229c21627ea4f22199fee6b",
        "type": "github"
      },
      "original": {
        "owner": "NixOS",
        "repo": "nixpkgs",
        "rev": "cc54fb41d13736e92229c21627ea4f22199fee6b",
        "type": "github"
      }
    },
    "root": {
      "inputs": {
        "nix-ada": "nix-ada"
      }
    }
  },
  "root": "root",
  "version": 7
}
